
Microsoft Visual Studio Solution File, Format Version 12.00
# Visual Studio Version 17
VisualStudioVersion = 17.6.33815.320
MinimumVisualStudioVersion = 10.0.40219.1
Project("{9A19103F-16F7-4668-BE54-9A1E7A4F7556}") = "InfoCarPing", "InfoCarPing\InfoCarPing.csproj", "{93BC4B4E-94CB-4D6E-ACDF-95BF2D2244FF}"
EndProject
Project("{FAE04EC0-301F-11D3-BF4B-00C04F79EFBC}") = "InfoCarPing.ApiClient", "InfoCarPing.ApiClient\InfoCarPing.ApiClient.csproj", "{F635AC3D-0D2F-472B-BFFF-B5174DA5C32D}"
EndProject
Global
	GlobalSection(SolutionConfigurationPlatforms) = preSolution
		Debug|Any CPU = Debug|Any CPU
		Release|Any CPU = Release|Any CPU
	EndGlobalSection
	GlobalSection(ProjectConfigurationPlatforms) = postSolution
		{93BC4B4E-94CB-4D6E-ACDF-95BF2D2244FF}.Debug|Any CPU.ActiveCfg = Debug|Any CPU
		{93BC4B4E-94CB-4D6E-ACDF-95BF2D2244FF}.Debug|Any CPU.Build.0 = Debug|Any CPU
		{93BC4B4E-94CB-4D6E-ACDF-95BF2D2244FF}.Release|Any CPU.ActiveCfg = Release|Any CPU
		{93BC4B4E-94CB-4D6E-ACDF-95BF2D2244FF}.Release|Any CPU.Build.0 = Release|Any CPU
		{F635AC3D-0D2F-472B-BFFF-B5174DA5C32D}.Debug|Any CPU.ActiveCfg = Debug|Any CPU
		{F635AC3D-0D2F-472B-BFFF-B5174DA5C32D}.Debug|Any CPU.Build.0 = Debug|Any CPU
		{F635AC3D-0D2F-472B-BFFF-B5174DA5C32D}.Release|Any CPU.ActiveCfg = Release|Any CPU
		{F635AC3D-0D2F-472B-BFFF-B5174DA5C32D}.Release|Any CPU.Build.0 = Release|Any CPU
	EndGlobalSection
	GlobalSection(SolutionProperties) = preSolution
		HideSolutionNode = FALSE
	EndGlobalSection
	GlobalSection(ExtensibilityGlobals) = postSolution
		SolutionGuid = {66184022-3838-4F0D-9AC8-2ABAD12B6FE6}
	EndGlobalSection
EndGlobal
